
Microsoft Visual Studio Solution File, Format Version 12.00
# Visual Studio Version 17
VisualStudioVersion = 17.5.33627.172
MinimumVisualStudioVersion = 10.0.40219.1
Project("{FAE04EC0-301F-11D3-BF4B-00C04F79EFBC}") = "UnitTesting", "UnitTesting.csproj", "{BA5B60D1-3006-4AA8-923E-C8630D3F5B15}"
EndProject
Project("{FAE04EC0-301F-11D3-BF4B-00C04F79EFBC}") = "CalculatorTestingProject", "..\CalculatorTestingProject\CalculatorTestingProject.csproj", "{1D03269B-94AD-4224-9B55-D800CE433413}"
EndProject
Global
	GlobalSection(SolutionConfigurationPlatforms) = preSolution
		Debug|Any CPU = Debug|Any CPU
		Release|Any CPU = Release|Any CPU
	EndGlobalSection
	GlobalSection(ProjectConfigurationPlatforms) = postSolution
		{BA5B60D1-3006-4AA8-923E-C8630D3F5B15}.Debug|Any CPU.ActiveCfg = Debug|Any CPU
		{BA5B60D1-3006-4AA8-923E-C8630D3F5B15}.Debug|Any CPU.Build.0 = Debug|Any CPU
		{BA5B60D1-3006-4AA8-923E-C8630D3F5B15}.Release|Any CPU.ActiveCfg = Release|Any CPU
		{BA5B60D1-3006-4AA8-923E-C8630D3F5B15}.Release|Any CPU.Build.0 = Release|Any CPU
		{1D03269B-94AD-4224-9B55-D800CE433413}.Debug|Any CPU.ActiveCfg = Debug|Any CPU
		{1D03269B-94AD-4224-9B55-D800CE433413}.Debug|Any CPU.Build.0 = Debug|Any CPU
		{1D03269B-94AD-4224-9B55-D800CE433413}.Release|Any CPU.ActiveCfg = Release|Any CPU
		{1D03269B-94AD-4224-9B55-D800CE433413}.Release|Any CPU.Build.0 = Release|Any CPU
	EndGlobalSection
	GlobalSection(SolutionProperties) = preSolution
		HideSolutionNode = FALSE
	EndGlobalSection
	GlobalSection(ExtensibilityGlobals) = postSolution
		SolutionGuid = {5C6CDB86-2E1A-42E6-A427-2D06A7C2CEA9}
	EndGlobalSection
EndGlobal
